
Microsoft Visual Studio Solution File, Format Version 12.00
# Visual Studio Version 17
VisualStudioVersion = 17.10.35013.160
MinimumVisualStudioVersion = 10.0.40219.1
Project("{8BC9CEB8-8B4A-11D0-8D11-00A0C91BC942}") = "PW_04_WorkWithProcess", "PW_04_WorkWithProcess.vcxproj", "{84D61337-7286-4A33-9832-B4DFBD6F60E0}"
EndProject
Project("{8BC9CEB8-8B4A-11D0-8D11-00A0C91BC942}") = "CreateExe", "CreateExe\CreateExe.vcxproj", "{BE9E3A88-8CC7-4BC0-AAAA-326351918B19}"
EndProject
Project("{8BC9CEB8-8B4A-11D0-8D11-00A0C91BC942}") = "Exit_CountExe", "Exit_CountExe\Exit_CountExe.vcxproj", "{18AB4336-31ED-4A1A-AE9A-EC087BEFDABD}"
EndProject
Global
	GlobalSection(SolutionConfigurationPlatforms) = preSolution
		Debug|x64 = Debug|x64
		Debug|x86 = Debug|x86
		Release|x64 = Release|x64
		Release|x86 = Release|x86
	EndGlobalSection
	GlobalSection(ProjectConfigurationPlatforms) = postSolution
		{84D61337-7286-4A33-9832-B4DFBD6F60E0}.Debug|x64.ActiveCfg = Debug|x64
		{84D61337-7286-4A33-9832-B4DFBD6F60E0}.Debug|x64.Build.0 = Debug|x64
		{84D61337-7286-4A33-9832-B4DFBD6F60E0}.Debug|x86.ActiveCfg = Debug|Win32
		{84D61337-7286-4A33-9832-B4DFBD6F60E0}.Debug|x86.Build.0 = Debug|Win32
		{84D61337-7286-4A33-9832-B4DFBD6F60E0}.Release|x64.ActiveCfg = Release|x64
		{84D61337-7286-4A33-9832-B4DFBD6F60E0}.Release|x64.Build.0 = Release|x64
		{84D61337-7286-4A33-9832-B4DFBD6F60E0}.Release|x86.ActiveCfg = Release|Win32
		{84D61337-7286-4A33-9832-B4DFBD6F60E0}.Release|x86.Build.0 = Release|Win32
		{BE9E3A88-8CC7-4BC0-AAAA-326351918B19}.Debug|x64.ActiveCfg = Debug|x64
		{BE9E3A88-8CC7-4BC0-AAAA-326351918B19}.Debug|x64.Build.0 = Debug|x64
		{BE9E3A88-8CC7-4BC0-AAAA-326351918B19}.Debug|x86.ActiveCfg = Debug|Win32
		{BE9E3A88-8CC7-4BC0-AAAA-326351918B19}.Debug|x86.Build.0 = Debug|Win32
		{BE9E3A88-8CC7-4BC0-AAAA-326351918B19}.Release|x64.ActiveCfg = Release|x64
		{BE9E3A88-8CC7-4BC0-AAAA-326351918B19}.Release|x64.Build.0 = Release|x64
		{BE9E3A88-8CC7-4BC0-AAAA-326351918B19}.Release|x86.ActiveCfg = Release|Win32
		{BE9E3A88-8CC7-4BC0-AAAA-326351918B19}.Release|x86.Build.0 = Release|Win32
		{18AB4336-31ED-4A1A-AE9A-EC087BEFDABD}.Debug|x64.ActiveCfg = Debug|x64
		{18AB4336-31ED-4A1A-AE9A-EC087BEFDABD}.Debug|x64.Build.0 = Debug|x64
		{18AB4336-31ED-4A1A-AE9A-EC087BEFDABD}.Debug|x86.ActiveCfg = Debug|Win32
		{18AB4336-31ED-4A1A-AE9A-EC087BEFDABD}.Debug|x86.Build.0 = Debug|Win32
		{18AB4336-31ED-4A1A-AE9A-EC087BEFDABD}.Release|x64.ActiveCfg = Release|x64
		{18AB4336-31ED-4A1A-AE9A-EC087BEFDABD}.Release|x64.Build.0 = Release|x64
		{18AB4336-31ED-4A1A-AE9A-EC087BEFDABD}.Release|x86.ActiveCfg = Release|Win32
		{18AB4336-31ED-4A1A-AE9A-EC087BEFDABD}.Release|x86.Build.0 = Release|Win32
	EndGlobalSection
	GlobalSection(SolutionProperties) = preSolution
		HideSolutionNode = FALSE
	EndGlobalSection
	GlobalSection(ExtensibilityGlobals) = postSolution
		SolutionGuid = {D4D2B0E8-72B4-4634-82F9-71FE811E2C80}
	EndGlobalSection
EndGlobal
